
Microsoft Visual Studio Solution File, Format Version 12.00
# Visual Studio Version 16
VisualStudioVersion = 16.0.30114.105
MinimumVisualStudioVersion = 10.0.40219.1
Project("{FAE04EC0-301F-11D3-BF4B-00C04F79EFBC}") = "DotnetCoreRedisExample", "DotnetCoreRedisExample\DotnetCoreRedisExample.csproj", "{0A1D0E96-149A-43FF-98BA-7025CC90F005}"
EndProject
Global
	GlobalSection(SolutionConfigurationPlatforms) = preSolution
		Debug|Any CPU = Debug|Any CPU
		Release|Any CPU = Release|Any CPU
	EndGlobalSection
	GlobalSection(ProjectConfigurationPlatforms) = postSolution
		{0A1D0E96-149A-43FF-98BA-7025CC90F005}.Debug|Any CPU.ActiveCfg = Debug|Any CPU
		{0A1D0E96-149A-43FF-98BA-7025CC90F005}.Debug|Any CPU.Build.0 = Debug|Any CPU
		{0A1D0E96-149A-43FF-98BA-7025CC90F005}.Release|Any CPU.ActiveCfg = Release|Any CPU
		{0A1D0E96-149A-43FF-98BA-7025CC90F005}.Release|Any CPU.Build.0 = Release|Any CPU
	EndGlobalSection
	GlobalSection(SolutionProperties) = preSolution
		HideSolutionNode = FALSE
	EndGlobalSection
	GlobalSection(ExtensibilityGlobals) = postSolution
		SolutionGuid = {A1EF052B-9CDB-4DEA-96DE-B6FC86A5BD8C}
	EndGlobalSection
EndGlobal
